
Microsoft Visual Studio Solution File, Format Version 12.00
# Visual Studio Version 16
VisualStudioVersion = 16.0.31402.337
MinimumVisualStudioVersion = 10.0.40219.1
Project("{FAE04EC0-301F-11D3-BF4B-00C04F79EFBC}") = "CompanyEmployees", "CompanyEmployees\CompanyEmployees.csproj", "{BA959718-129D-4C10-A5D6-DA89E3D12772}"
EndProject
Project("{FAE04EC0-301F-11D3-BF4B-00C04F79EFBC}") = "LoggerService", "LoggerService\LoggerService.csproj", "{A52BD146-B3A5-4E94-A240-7A15B5CD17E5}"
EndProject
Project("{FAE04EC0-301F-11D3-BF4B-00C04F79EFBC}") = "Contracts", "Contracts\Contracts.csproj", "{9DA213B2-6EF5-47D4-AE10-0D1DCD5EF7BC}"
EndProject
Project("{FAE04EC0-301F-11D3-BF4B-00C04F79EFBC}") = "Entities", "Entities\Entities.csproj", "{5932D484-8838-4451-8B93-A9ED0893A3A3}"
EndProject
Project("{FAE04EC0-301F-11D3-BF4B-00C04F79EFBC}") = "Repository", "Repository\Repository.csproj", "{77B6FFC7-D257-426B-BD3F-A6906AE899D6}"
EndProject
Global
	GlobalSection(SolutionConfigurationPlatforms) = preSolution
		Debug|Any CPU = Debug|Any CPU
		Release|Any CPU = Release|Any CPU
	EndGlobalSection
	GlobalSection(ProjectConfigurationPlatforms) = postSolution
		{BA959718-129D-4C10-A5D6-DA89E3D12772}.Debug|Any CPU.ActiveCfg = Debug|Any CPU
		{BA959718-129D-4C10-A5D6-DA89E3D12772}.Debug|Any CPU.Build.0 = Debug|Any CPU
		{BA959718-129D-4C10-A5D6-DA89E3D12772}.Release|Any CPU.ActiveCfg = Release|Any CPU
		{BA959718-129D-4C10-A5D6-DA89E3D12772}.Release|Any CPU.Build.0 = Release|Any CPU
		{A52BD146-B3A5-4E94-A240-7A15B5CD17E5}.Debug|Any CPU.ActiveCfg = Debug|Any CPU
		{A52BD146-B3A5-4E94-A240-7A15B5CD17E5}.Debug|Any CPU.Build.0 = Debug|Any CPU
		{A52BD146-B3A5-4E94-A240-7A15B5CD17E5}.Release|Any CPU.ActiveCfg = Release|Any CPU
		{A52BD146-B3A5-4E94-A240-7A15B5CD17E5}.Release|Any CPU.Build.0 = Release|Any CPU
		{9DA213B2-6EF5-47D4-AE10-0D1DCD5EF7BC}.Debug|Any CPU.ActiveCfg = Debug|Any CPU
		{9DA213B2-6EF5-47D4-AE10-0D1DCD5EF7BC}.Debug|Any CPU.Build.0 = Debug|Any CPU
		{9DA213B2-6EF5-47D4-AE10-0D1DCD5EF7BC}.Release|Any CPU.ActiveCfg = Release|Any CPU
		{9DA213B2-6EF5-47D4-AE10-0D1DCD5EF7BC}.Release|Any CPU.Build.0 = Release|Any CPU
		{5932D484-8838-4451-8B93-A9ED0893A3A3}.Debug|Any CPU.ActiveCfg = Debug|Any CPU
		{5932D484-8838-4451-8B93-A9ED0893A3A3}.Debug|Any CPU.Build.0 = Debug|Any CPU
		{5932D484-8838-4451-8B93-A9ED0893A3A3}.Release|Any CPU.ActiveCfg = Release|Any CPU
		{5932D484-8838-4451-8B93-A9ED0893A3A3}.Release|Any CPU.Build.0 = Release|Any CPU
		{77B6FFC7-D257-426B-BD3F-A6906AE899D6}.Debug|Any CPU.ActiveCfg = Debug|Any CPU
		{77B6FFC7-D257-426B-BD3F-A6906AE899D6}.Debug|Any CPU.Build.0 = Debug|Any CPU
		{77B6FFC7-D257-426B-BD3F-A6906AE899D6}.Release|Any CPU.ActiveCfg = Release|Any CPU
		{77B6FFC7-D257-426B-BD3F-A6906AE899D6}.Release|Any CPU.Build.0 = Release|Any CPU
	EndGlobalSection
	GlobalSection(SolutionProperties) = preSolution
		HideSolutionNode = FALSE
	EndGlobalSection
	GlobalSection(ExtensibilityGlobals) = postSolution
		SolutionGuid = {FC55E0B3-4FD1-4B16-AC16-E481301FF373}
	EndGlobalSection
EndGlobal
